
Microsoft Visual Studio Solution File, Format Version 12.00
# Visual Studio 2015
Project("{FAE04EC0-301F-11D3-BF4B-00C04F79EFBC}") = "Mario1-1.CSharp", "Mario1-1.CSharp.csproj", "{BFCE733A-9A02-7910-E80E-ABBF35DE92A2}"
EndProject
Project("{FAE04EC0-301F-11D3-BF4B-00C04F79EFBC}") = "Mario1-1.CSharp.Editor", "Mario1-1.CSharp.Editor.csproj", "{54166AC3-78F9-35DD-CA50-A80119467F3F}"
EndProject
Global
	GlobalSection(SolutionConfigurationPlatforms) = preSolution
		Debug|Any CPU = Debug|Any CPU
		Release|Any CPU = Release|Any CPU
	EndGlobalSection
	GlobalSection(ProjectConfigurationPlatforms) = postSolution
		{BFCE733A-9A02-7910-E80E-ABBF35DE92A2}.Debug|Any CPU.ActiveCfg = Debug|Any CPU
		{BFCE733A-9A02-7910-E80E-ABBF35DE92A2}.Debug|Any CPU.Build.0 = Debug|Any CPU
		{BFCE733A-9A02-7910-E80E-ABBF35DE92A2}.Release|Any CPU.ActiveCfg = Release|Any CPU
		{BFCE733A-9A02-7910-E80E-ABBF35DE92A2}.Release|Any CPU.Build.0 = Release|Any CPU
		{54166AC3-78F9-35DD-CA50-A80119467F3F}.Debug|Any CPU.ActiveCfg = Debug|Any CPU
		{54166AC3-78F9-35DD-CA50-A80119467F3F}.Debug|Any CPU.Build.0 = Debug|Any CPU
		{54166AC3-78F9-35DD-CA50-A80119467F3F}.Release|Any CPU.ActiveCfg = Release|Any CPU
		{54166AC3-78F9-35DD-CA50-A80119467F3F}.Release|Any CPU.Build.0 = Release|Any CPU
	EndGlobalSection
	GlobalSection(SolutionProperties) = preSolution
		HideSolutionNode = FALSE
	EndGlobalSection
EndGlobal
